
Microsoft Visual Studio Solution File, Format Version 12.00
# Visual Studio Version 17
VisualStudioVersion = 17.10.34928.147
MinimumVisualStudioVersion = 10.0.40219.1
Project("{FAE04EC0-301F-11D3-BF4B-00C04F79EFBC}") = "ExercicioFuncionario", "ExercicioFuncionario.csproj", "{37146DEB-374E-4E41-9F90-7088863FCBC6}"
EndProject
Global
	GlobalSection(SolutionConfigurationPlatforms) = preSolution
		Debug|Any CPU = Debug|Any CPU
		Release|Any CPU = Release|Any CPU
	EndGlobalSection
	GlobalSection(ProjectConfigurationPlatforms) = postSolution
		{37146DEB-374E-4E41-9F90-7088863FCBC6}.Debug|Any CPU.ActiveCfg = Debug|Any CPU
		{37146DEB-374E-4E41-9F90-7088863FCBC6}.Debug|Any CPU.Build.0 = Debug|Any CPU
		{37146DEB-374E-4E41-9F90-7088863FCBC6}.Release|Any CPU.ActiveCfg = Release|Any CPU
		{37146DEB-374E-4E41-9F90-7088863FCBC6}.Release|Any CPU.Build.0 = Release|Any CPU
	EndGlobalSection
	GlobalSection(SolutionProperties) = preSolution
		HideSolutionNode = FALSE
	EndGlobalSection
	GlobalSection(ExtensibilityGlobals) = postSolution
		SolutionGuid = {8908EEC3-480F-4503-9B91-7909368EB5A2}
	EndGlobalSection
EndGlobal
